// !$*UTF8*$!
{
	archiveVersion = 1;
	classes = {
	};
	objectVersion = 56;
	objects = {

/* Begin PBXBuildFile section */
		7FC826852B559A3600D20E69 /* LoginAndSigninApp.swift in Sources */ = {isa = PBXBuildFile; fileRef = 7FC826842B559A3600D20E69 /* LoginAndSigninApp.swift */; };
		7FC826872B559A3600D20E69 /* ContentView.swift in Sources */ = {isa = PBXBuildFile; fileRef = 7FC826862B559A3600D20E69 /* ContentView.swift */; };
		7FC826892B559A3800D20E69 /* Assets.xcassets in Resources */ = {isa = PBXBuildFile; fileRef = 7FC826882B559A3800D20E69 /* Assets.xcassets */; };
		7FC8268C2B559A3800D20E69 /* Preview Assets.xcassets in Resources */ = {isa = PBXBuildFile; fileRef = 7FC8268B2B559A3800D20E69 /* Preview Assets.xcassets */; };
		7FC826962B559A3800D20E69 /* LoginAndSigninTests.swift in Sources */ = {isa = PBXBuildFile; fileRef = 7FC826952B559A3800D20E69 /* LoginAndSigninTests.swift */; };
		7FC826A02B559A3800D20E69 /* LoginAndSigninUITests.swift in Sources */ = {isa = PBXBuildFile; fileRef = 7FC8269F2B559A3800D20E69 /* LoginAndSigninUITests.swift */; };
		7FC826A22B559A3800D20E69 /* LoginAndSigninUITestsLaunchTests.swift in Sources */ = {isa = PBXBuildFile; fileRef = 7FC826A12B559A3800D20E69 /* LoginAndSigninUITestsLaunchTests.swift */; };
/* End PBXBuildFile section */

/* Begin PBXContainerItemProxy section */
		7FC826922B559A3800D20E69 /* PBXContainerItemProxy */ = {
			isa = PBXContainerItemProxy;
			containerPortal = 7FC826792B559A3600D20E69 /* Project object */;
			proxyType = 1;
			remoteGlobalIDString = 7FC826802B559A3600D20E69;
			remoteInfo = LoginAndSignin;
		};
		7FC8269C2B559A3800D20E69 /* PBXContainerItemProxy */ = {
			isa = PBXContainerItemProxy;
			containerPortal = 7FC826792B559A3600D20E69 /* Project object */;
			proxyType = 1;
			remoteGlobalIDString = 7FC826802B559A3600D20E69;
			remoteInfo = LoginAndSignin;
		};
/* End PBXContainerItemProxy section */

/* Begin PBXFileReference section */
		7FC826812B559A3600D20E69 /* LoginAndSignin.app */ = {isa = PBXFileReference; explicitFileType = wrapper.application; includeInIndex = 0; path = LoginAndSignin.app; sourceTree = BUILT_PRODUCTS_DIR; };
		7FC826842B559A3600D20E69 /* LoginAndSigninApp.swift */ = {isa = PBXFileReference; lastKnownFileType = sourcecode.swift; path = LoginAndSigninApp.swift; sourceTree = "<group>"; };
		7FC826862B559A3600D20E69 /* ContentView.swift */ = {isa = PBXFileReference; lastKnownFileType = sourcecode.swift; path = ContentView.swift; sourceTree = "<group>"; };
		7FC826882B559A3800D20E69 /* Assets.xcassets */ = {isa = PBXFileReference; lastKnownFileType = folder.assetcatalog; path = Assets.xcassets; sourceTree = "<group>"; };
		7FC8268B2B559A3800D20E69 /* Preview Assets.xcassets */ = {isa = PBXFileReference; lastKnownFileType = folder.assetcatalog; path = "Preview Assets.xcassets"; sourceTree = "<group>"; };
		7FC826912B559A3800D20E69 /* LoginAndSigninTests.xctest */ = {isa = PBXFileReference; explicitFileType = wrapper.cfbundle; includeInIndex = 0; path = LoginAndSigninTests.xctest; sourceTree = BUILT_PRODUCTS_DIR; };
		7FC826952B559A3800D20E69 /* LoginAndSigninTests.swift */ = {isa = PBXFileReference; lastKnownFileType = sourcecode.swift; path = LoginAndSigninTests.swift; sourceTree = "<group>"; };
		7FC8269B2B559A3800D20E69 /* LoginAndSigninUITests.xctest */ = {isa = PBXFileReference; explicitFileType = wrapper.cfbundle; includeInIndex = 0; path = LoginAndSigninUITests.xctest; sourceTree = BUILT_PRODUCTS_DIR; };
		7FC8269F2B559A3800D20E69 /* LoginAndSigninUITests.swift */ = {isa = PBXFileReference; lastKnownFileType = sourcecode.swift; path = LoginAndSigninUITests.swift; sourceTree = "<group>"; };
		7FC826A12B559A3800D20E69 /* LoginAndSigninUITestsLaunchTests.swift */ = {isa = PBXFileReference; lastKnownFileType = sourcecode.swift; path = LoginAndSigninUITestsLaunchTests.swift; sourceTree = "<group>"; };
/* End PBXFileReference section */

/* Begin PBXFrameworksBuildPhase section */
		7FC8267E2B559A3600D20E69 /* Frameworks */ = {
			isa = PBXFrameworksBuildPhase;
			buildActionMask = 2147483647;
			files = (
			);
			runOnlyForDeploymentPostprocessing = 0;
		};
		7FC8268E2B559A3800D20E69 /* Frameworks */ = {
			isa = PBXFrameworksBuildPhase;
			buildActionMask = 2147483647;
			files = (
			);
			runOnlyForDeploymentPostprocessing = 0;
		};
		7FC826982B559A3800D20E69 /* Frameworks */ = {
			isa = PBXFrameworksBuildPhase;
			buildActionMask = 2147483647;
			files = (
			);
			runOnlyForDeploymentPostprocessing = 0;
		};
/* End PBXFrameworksBuildPhase section */

/* Begin PBXGroup section */
		7FC826782B559A3600D20E69 = {
			isa = PBXGroup;
			children = (
				7FC826832B559A3600D20E69 /* LoginAndSignin */,
				7FC826942B559A3800D20E69 /* LoginAndSigninTests */,
				7FC8269E2B559A3800D20E69 /* LoginAndSigninUITests */,
				7FC826822B559A3600D20E69 /* Products */,
			);
			sourceTree = "<group>";
		};
		7FC826822B559A3600D20E69 /* Products */ = {
			isa = PBXGroup;
			children = (
				7FC826812B559A3600D20E69 /* LoginAndSignin.app */,
				7FC826912B559A3800D20E69 /* LoginAndSigninTests.xctest */,
				7FC8269B2B559A3800D20E69 /* LoginAndSigninUITests.xctest */,
			);
			name = Products;
			sourceTree = "<group>";
		};
		7FC826832B559A3600D20E69 /* LoginAndSignin */ = {
			isa = PBXGroup;
			children = (
				7FC826842B559A3600D20E69 /* LoginAndSigninApp.swift */,
				7FC826862B559A3600D20E69 /* ContentView.swift */,
				7FC826882B559A3800D20E69 /* Assets.xcassets */,
				7FC8268A2B559A3800D20E69 /* Preview Content */,
			);
			path = LoginAndSignin;
			sourceTree = "<group>";
		};
		7FC8268A2B559A3800D20E69 /* Preview Content */ = {
			isa = PBXGroup;
			children = (
				7FC8268B2B559A3800D20E69 /* Preview Assets.xcassets */,
			);
			path = "Preview Content";
			sourceTree = "<group>";
		};
		7FC826942B559A3800D20E69 /* LoginAndSigninTests */ = {
			isa = PBXGroup;
			children = (
				7FC826952B559A3800D20E69 /* LoginAndSigninTests.swift */,
			);
			path = LoginAndSigninTests;
			sourceTree = "<group>";
		};
		7FC8269E2B559A3800D20E69 /* LoginAndSigninUITests */ = {
			isa = PBXGroup;
			children = (
				7FC8269F2B559A3800D20E69 /* LoginAndSigninUITests.swift */,
				7FC826A12B559A3800D20E69 /* LoginAndSigninUITestsLaunchTests.swift */,
			);
			path = LoginAndSigninUITests;
			sourceTree = "<group>";
		};
/* End PBXGroup section */

/* Begin PBXNativeTarget section */
		7FC826802B559A3600D20E69 /* LoginAndSignin */ = {
			isa = PBXNativeTarget;
			buildConfigurationList = 7FC826A52B559A3800D20E69 /* Build configuration list for PBXNativeTarget "LoginAndSignin" */;
			buildPhases = (
				7FC8267D2B559A3600D20E69 /* Sources */,
				7FC8267E2B559A3600D20E69 /* Frameworks */,
				7FC8267F2B559A3600D20E69 /* Resources */,
			);
			buildRules = (
			);
			dependencies = (
			);
			name = LoginAndSignin;
			productName = LoginAndSignin;
			productReference = 7FC826812B559A3600D20E69 /* LoginAndSignin.app */;
			productType = "com.apple.product-type.application";
		};
		7FC826902B559A3800D20E69 /* LoginAndSigninTests */ = {
			isa = PBXNativeTarget;
			buildConfigurationList = 7FC826A82B559A3800D20E69 /* Build configuration list for PBXNativeTarget "LoginAndSigninTests" */;
			buildPhases = (
				7FC8268D2B559A3800D20E69 /* Sources */,
				7FC8268E2B559A3800D20E69 /* Frameworks */,
				7FC8268F2B559A3800D20E69 /* Resources */,
			);
			buildRules = (
			);
			dependencies = (
				7FC826932B559A3800D20E69 /* PBXTargetDependency */,
			);
			name = LoginAndSigninTests;
			productName = LoginAndSigninTests;
			productReference = 7FC826912B559A3800D20E69 /* LoginAndSigninTests.xctest */;
			productType = "com.apple.product-type.bundle.unit-test";
		};
		7FC8269A2B559A3800D20E69 /* LoginAndSigninUITests */ = {
			isa = PBXNativeTarget;
			buildConfigurationList = 7FC826AB2B559A3800D20E69 /* Build configuration list for PBXNativeTarget "LoginAndSigninUITests" */;
			buildPhases = (
				7FC826972B559A3800D20E69 /* Sources */,
				7FC826982B559A3800D20E69 /* Frameworks */,
				7FC826992B559A3800D20E69 /* Resources */,
			);
			buildRules = (
			);
			dependencies = (
				7FC8269D2B559A3800D20E69 /* PBXTargetDependency */,
			);
			name = LoginAndSigninUITests;
			productName = LoginAndSigninUITests;
			productReference = 7FC8269B2B559A3800D20E69 /* LoginAndSigninUITests.xctest */;
			productType = "com.apple.product-type.bundle.ui-testing";
		};
/* End PBXNativeTarget section */

/* Begin PBXProject section */
		7FC826792B559A3600D20E69 /* Project object */ = {
			isa = PBXProject;
			attributes = {
				BuildIndependentTargetsInParallel = 1;
				LastSwiftUpdateCheck = 1520;
				LastUpgradeCheck = 1520;
				TargetAttributes = {
					7FC826802B559A3600D20E69 = {
						CreatedOnToolsVersion = 15.2;
					};
					7FC826902B559A3800D20E69 = {
						CreatedOnToolsVersion = 15.2;
						TestTargetID = 7FC826802B559A3600D20E69;
					};
					7FC8269A2B559A3800D20E69 = {
						CreatedOnToolsVersion = 15.2;
						TestTargetID = 7FC826802B559A3600D20E69;
					};
				};
			};
			buildConfigurationList = 7FC8267C2B559A3600D20E69 /* Build configuration list for PBXProject "LoginAndSignin" */;
			compatibilityVersion = "Xcode 14.0";
			developmentRegion = en;
			hasScannedForEncodings = 0;
			knownRegions = (
				en,
				Base,
			);
			mainGroup = 7FC826782B559A3600D20E69;
			productRefGroup = 7FC826822B559A3600D20E69 /* Products */;
			projectDirPath = "";
			projectRoot = "";
			targets = (
				7FC826802B559A3600D20E69 /* LoginAndSignin */,
				7FC826902B559A3800D20E69 /* LoginAndSigninTests */,
				7FC8269A2B559A3800D20E69 /* LoginAndSigninUITests */,
			);
		};
/* End PBXProject section */

/* Begin PBXResourcesBuildPhase section */
		7FC8267F2B559A3600D20E69 /* Resources */ = {
			isa = PBXResourcesBuildPhase;
			buildActionMask = 2147483647;
			files = (
				7FC8268C2B559A3800D20E69 /* Preview Assets.xcassets in Resources */,
				7FC826892B559A3800D20E69 /* Assets.xcassets in Resources */,
			);
			runOnlyForDeploymentPostprocessing = 0;
		};
		7FC8268F2B559A3800D20E69 /* Resources */ = {
			isa = PBXResourcesBuildPhase;
			buildActionMask = 2147483647;
			files = (
			);
			runOnlyForDeploymentPostprocessing = 0;
		};
		7FC826992B559A3800D20E69 /* Resources */ = {
			isa = PBXResourcesBuildPhase;
			buildActionMask = 2147483647;
			files = (
			);
			runOnlyForDeploymentPostprocessing = 0;
		};
/* End PBXResourcesBuildPhase section */

/* Begin PBXSourcesBuildPhase section */
		7FC8267D2B559A3600D20E69 /* Sources */ = {
			isa = PBXSourcesBuildPhase;
			buildActionMask = 2147483647;
			files = (
				7FC826872B559A3600D20E69 /* ContentView.swift in Sources */,
				7FC826852B559A3600D20E69 /* LoginAndSigninApp.swift in Sources */,
			);
			runOnlyForDeploymentPostprocessing = 0;
		};
		7FC8268D2B559A3800D20E69 /* Sources */ = {
			isa = PBXSourcesBuildPhase;
			buildActionMask = 2147483647;
			files = (
				7FC826962B559A3800D20E69 /* LoginAndSigninTests.swift in Sources */,
			);
			runOnlyForDeploymentPostprocessing = 0;
		};
		7FC826972B559A3800D20E69 /* Sources */ = {
			isa = PBXSourcesBuildPhase;
			buildActionMask = 2147483647;
			files = (
				7FC826A22B559A3800D20E69 /* LoginAndSigninUITestsLaunchTests.swift in Sources */,
				7FC826A02B559A3800D20E69 /* LoginAndSigninUITests.swift in Sources */,
			);
			runOnlyForDeploymentPostprocessing = 0;
		};
/* End PBXSourcesBuildPhase section */

/* Begin PBXTargetDependency section */
		7FC826932B559A3800D20E69 /* PBXTargetDependency */ = {
			isa = PBXTargetDependency;
			target = 7FC826802B559A3600D20E69 /* LoginAndSignin */;
			targetProxy = 7FC826922B559A3800D20E69 /* PBXContainerItemProxy */;
		};
		7FC8269D2B559A3800D20E69 /* PBXTargetDependency */ = {
			isa = PBXTargetDependency;
			target = 7FC826802B559A3600D20E69 /* LoginAndSignin */;
			targetProxy = 7FC8269C2B559A3800D20E69 /* PBXContainerItemProxy */;
		};
/* End PBXTargetDependency section */

/* Begin XCBuildConfiguration section */
		7FC826A32B559A3800D20E69 /* Debug */ = {
			isa = XCBuildConfiguration;
			buildSettings = {
				ALWAYS_SEARCH_USER_PATHS = NO;
				ASSETCATALOG_COMPILER_GENERATE_SWIFT_ASSET_SYMBOL_EXTENSIONS = YES;
				CLANG_ANALYZER_NONNULL = YES;
				CLANG_ANALYZER_NUMBER_OBJECT_CONVERSION = YES_AGGRESSIVE;
				CLANG_CXX_LANGUAGE_STANDARD = "gnu++20";
				CLANG_ENABLE_MODULES = YES;
				CLANG_ENABLE_OBJC_ARC = YES;
				CLANG_ENABLE_OBJC_WEAK = YES;
				CLANG_WARN_BLOCK_CAPTURE_AUTORELEASING = YES;
				CLANG_WARN_BOOL_CONVERSION = YES;
				CLANG_WARN_COMMA = YES;
				CLANG_WARN_CONSTANT_CONVERSION = YES;
				CLANG_WARN_DEPRECATED_OBJC_IMPLEMENTATIONS = YES;
				CLANG_WARN_DIRECT_OBJC_ISA_USAGE = YES_ERROR;
				CLANG_WARN_DOCUMENTATION_COMMENTS = YES;
				CLANG_WARN_EMPTY_BODY = YES;
				CLANG_WARN_ENUM_CONVERSION = YES;
				CLANG_WARN_INFINITE_RECURSION = YES;
				CLANG_WARN_INT_CONVERSION = YES;
				CLANG_WARN_NON_LITERAL_NULL_CONVERSION = YES;
				CLANG_WARN_OBJC_IMPLICIT_RETAIN_SELF = YES;
				CLANG_WARN_OBJC_LITERAL_CONVERSION = YES;
				CLANG_WARN_OBJC_ROOT_CLASS = YES_ERROR;
				CLANG_WARN_QUOTED_INCLUDE_IN_FRAMEWORK_HEADER = YES;
				CLANG_WARN_RANGE_LOOP_ANALYSIS = YES;
				CLANG_WARN_STRICT_PROTOTYPES = YES;
				CLANG_WARN_SUSPICIOUS_MOVE = YES;
				CLANG_WARN_UNGUARDED_AVAILABILITY = YES_AGGRESSIVE;
				CLANG_WARN_UNREACHABLE_CODE = YES;
				CLANG_WARN__DUPLICATE_METHOD_MATCH = YES;
				COPY_PHASE_STRIP = NO;
				DEBUG_INFORMATION_FORMAT = dwarf;
				ENABLE_STRICT_OBJC_MSGSEND = YES;
				ENABLE_TESTABILITY = YES;
				ENABLE_USER_SCRIPT_SANDBOXING = YES;
				GCC_C_LANGUAGE_STANDARD = gnu17;
				GCC_DYNAMIC_NO_PIC = NO;
				GCC_NO_COMMON_BLOCKS = YES;
				GCC_OPTIMIZATION_LEVEL = 0;
				GCC_PREPROCESSOR_DEFINITIONS = (
					"DEBUG=1",
					"$(inherited)",
				);
				GCC_WARN_64_TO_32_BIT_CONVERSION = YES;
				GCC_WARN_ABOUT_RETURN_TYPE = YES_ERROR;
				GCC_WARN_UNDECLARED_SELECTOR = YES;
				GCC_WARN_UNINITIALIZED_AUTOS = YES_AGGRESSIVE;
				GCC_WARN_UNUSED_FUNCTION = YES;
				GCC_WARN_UNUSED_VARIABLE = YES;
				IPHONEOS_DEPLOYMENT_TARGET = 17.2;
				LOCALIZATION_PREFERS_STRING_CATALOGS = YES;
				MTL_ENABLE_DEBUG_INFO = INCLUDE_SOURCE;
				MTL_FAST_MATH = YES;
				ONLY_ACTIVE_ARCH = YES;
				SDKROOT = iphoneos;
				SWIFT_ACTIVE_COMPILATION_CONDITIONS = "DEBUG $(inherited)";
				SWIFT_OPTIMIZATION_LEVEL = "-Onone";
			};
			name = Debug;
		};
		7FC826A42B559A3800D20E69 /* Release */ = {
			isa = XCBuildConfiguration;
			buildSettings = {
				ALWAYS_SEARCH_USER_PATHS = NO;
				ASSETCATALOG_COMPILER_GENERATE_SWIFT_ASSET_SYMBOL_EXTENSIONS = YES;
				CLANG_ANALYZER_NONNULL = YES;
				CLANG_ANALYZER_NUMBER_OBJECT_CONVERSION = YES_AGGRESSIVE;
				CLANG_CXX_LANGUAGE_STANDARD = "gnu++20";
				CLANG_ENABLE_MODULES = YES;
				CLANG_ENABLE_OBJC_ARC = YES;
				CLANG_ENABLE_OBJC_WEAK = YES;
				CLANG_WARN_BLOCK_CAPTURE_AUTORELEASING = YES;
				CLANG_WARN_BOOL_CONVERSION = YES;
				CLANG_WARN_COMMA = YES;
				CLANG_WARN_CONSTANT_CONVERSION = YES;
				CLANG_WARN_DEPRECATED_OBJC_IMPLEMENTATIONS = YES;
				CLANG_WARN_DIRECT_OBJC_ISA_USAGE = YES_ERROR;
				CLANG_WARN_DOCUMENTATION_COMMENTS = YES;
				CLANG_WARN_EMPTY_BODY = YES;
				CLANG_WARN_ENUM_CONVERSION = YES;
				CLANG_WARN_INFINITE_RECURSION = YES;
				CLANG_WARN_INT_CONVERSION = YES;
				CLANG_WARN_NON_LITERAL_NULL_CONVERSION = YES;
				CLANG_WARN_OBJC_IMPLICIT_RETAIN_SELF = YES;
				CLANG_WARN_OBJC_LITERAL_CONVERSION = YES;
				CLANG_WARN_OBJC_ROOT_CLASS = YES_ERROR;
				CLANG_WARN_QUOTED_INCLUDE_IN_FRAMEWORK_HEADER = YES;
				CLANG_WARN_RANGE_LOOP_ANALYSIS = YES;
				CLANG_WARN_STRICT_PROTOTYPES = YES;
				CLANG_WARN_SUSPICIOUS_MOVE = YES;
				CLANG_WARN_UNGUARDED_AVAILABILITY = YES_AGGRESSIVE;
				CLANG_WARN_UNREACHABLE_CODE = YES;
				CLANG_WARN__DUPLICATE_METHOD_MATCH = YES;
				COPY_PHASE_STRIP = NO;
				DEBUG_INFORMATION_FORMAT = "dwarf-with-dsym";
				ENABLE_NS_ASSERTIONS = NO;
				ENABLE_STRICT_OBJC_MSGSEND = YES;
				ENABLE_USER_SCRIPT_SANDBOXING = YES;
				GCC_C_LANGUAGE_STANDARD = gnu17;
				GCC_NO_COMMON_BLOCKS = YES;
				GCC_WARN_64_TO_32_BIT_CONVERSION = YES;
				GCC_WARN_ABOUT_RETURN_TYPE = YES_ERROR;
				GCC_WARN_UNDECLARED_SELECTOR = YES;
				GCC_WARN_UNINITIALIZED_AUTOS = YES_AGGRESSIVE;
				GCC_WARN_UNUSED_FUNCTION = YES;
				GCC_WARN_UNUSED_VARIABLE = YES;
				IPHONEOS_DEPLOYMENT_TARGET = 17.2;
				LOCALIZATION_PREFERS_STRING_CATALOGS = YES;
				MTL_ENABLE_DEBUG_INFO = NO;
				MTL_FAST_MATH = YES;
				SDKROOT = iphoneos;
				SWIFT_COMPILATION_MODE = wholemodule;
				VALIDATE_PRODUCT = YES;
			};
			name = Release;
		};
		7FC826A62B559A3800D20E69 /* Debug */ = {
			isa = XCBuildConfiguration;
			buildSettings = {
				ASSETCATALOG_COMPILER_APPICON_NAME = AppIcon;
				ASSETCATALOG_COMPILER_GLOBAL_ACCENT_COLOR_NAME = AccentColor;
				CODE_SIGN_STYLE = Automatic;
				CURRENT_PROJECT_VERSION = 1;
				DEVELOPMENT_ASSET_PATHS = "\"LoginAndSignin/Preview Content\"";
				ENABLE_PREVIEWS = YES;
				GENERATE_INFOPLIST_FILE = YES;
				INFOPLIST_KEY_UIApplicationSceneManifest_Generation = YES;
				INFOPLIST_KEY_UIApplicationSupportsIndirectInputEvents = YES;
				INFOPLIST_KEY_UILaunchScreen_Generation = YES;
				INFOPLIST_KEY_UISupportedInterfaceOrientations_iPad = "UIInterfaceOrientationPortrait UIInterfaceOrientationPortraitUpsideDown UIInterfaceOrientationLandscapeLeft UIInterfaceOrientationLandscapeRight";
				INFOPLIST_KEY_UISupportedInterfaceOrientations_iPhone = "UIInterfaceOrientationPortrait UIInterfaceOrientationLandscapeLeft UIInterfaceOrientationLandscapeRight";
				LD_RUNPATH_SEARCH_PATHS = (
					"$(inherited)",
					"@executable_path/Frameworks",
				);
				MARKETING_VERSION = 1.0;
				PRODUCT_BUNDLE_IDENTIFIER = srmist.edu.in.LoginAndSignin;
				PRODUCT_NAME = "$(TARGET_NAME)";
				SWIFT_EMIT_LOC_STRINGS = YES;
				SWIFT_VERSION = 5.0;
				TARGETED_DEVICE_FAMILY = "1,2";
			};
			name = Debug;
		};
		7FC826A72B559A3800D20E69 /* Release */ = {
			isa = XCBuildConfiguration;
			buildSettings = {
				ASSETCATALOG_COMPILER_APPICON_NAME = AppIcon;
				ASSETCATALOG_COMPILER_GLOBAL_ACCENT_COLOR_NAME = AccentColor;
				CODE_SIGN_STYLE = Automatic;
				CURRENT_PROJECT_VERSION = 1;
				DEVELOPMENT_ASSET_PATHS = "\"LoginAndSignin/Preview Content\"";
				ENABLE_PREVIEWS = YES;
				GENERATE_INFOPLIST_FILE = YES;
				INFOPLIST_KEY_UIApplicationSceneManifest_Generation = YES;
				INFOPLIST_KEY_UIApplicationSupportsIndirectInputEvents = YES;
				INFOPLIST_KEY_UILaunchScreen_Generation = YES;
				INFOPLIST_KEY_UISupportedInterfaceOrientations_iPad = "UIInterfaceOrientationPortrait UIInterfaceOrientationPortraitUpsideDown UIInterfaceOrientationLandscapeLeft UIInterfaceOrientationLandscapeRight";
				INFOPLIST_KEY_UISupportedInterfaceOrientations_iPhone = "UIInterfaceOrientationPortrait UIInterfaceOrientationLandscapeLeft UIInterfaceOrientationLandscapeRight";
				LD_RUNPATH_SEARCH_PATHS = (
					"$(inherited)",
					"@executable_path/Frameworks",
				);
				MARKETING_VERSION = 1.0;
				PRODUCT_BUNDLE_IDENTIFIER = srmist.edu.in.LoginAndSignin;
				PRODUCT_NAME = "$(TARGET_NAME)";
				SWIFT_EMIT_LOC_STRINGS = YES;
				SWIFT_VERSION = 5.0;
				TARGETED_DEVICE_FAMILY = "1,2";
			};
			name = Release;
		};
		7FC826A92B559A3800D20E69 /* Debug */ = {
			isa = XCBuildConfiguration;
			buildSettings = {
				ALWAYS_EMBED_SWIFT_STANDARD_LIBRARIES = YES;
				BUNDLE_LOADER = "$(TEST_HOST)";
				CODE_SIGN_STYLE = Automatic;
				CURRENT_PROJECT_VERSION = 1;
				GENERATE_INFOPLIST_FILE = YES;
				IPHONEOS_DEPLOYMENT_TARGET = 17.2;
				MARKETING_VERSION = 1.0;
				PRODUCT_BUNDLE_IDENTIFIER = srmist.edu.in.LoginAndSigninTests;
				PRODUCT_NAME = "$(TARGET_NAME)";
				SWIFT_EMIT_LOC_STRINGS = NO;
				SWIFT_VERSION = 5.0;
				TARGETED_DEVICE_FAMILY = "1,2";
				TEST_HOST = "$(BUILT_PRODUCTS_DIR)/LoginAndSignin.app/$(BUNDLE_EXECUTABLE_FOLDER_PATH)/LoginAndSignin";
			};
			name = Debug;
		};
		7FC826AA2B559A3800D20E69 /* Release */ = {
			isa = XCBuildConfiguration;
			buildSettings = {
				ALWAYS_EMBED_SWIFT_STANDARD_LIBRARIES = YES;
				BUNDLE_LOADER = "$(TEST_HOST)";
				CODE_SIGN_STYLE = Automatic;
				CURRENT_PROJECT_VERSION = 1;
				GENERATE_INFOPLIST_FILE = YES;
				IPHONEOS_DEPLOYMENT_TARGET = 17.2;
				MARKETING_VERSION = 1.0;
				PRODUCT_BUNDLE_IDENTIFIER = srmist.edu.in.LoginAndSigninTests;
				PRODUCT_NAME = "$(TARGET_NAME)";
				SWIFT_EMIT_LOC_STRINGS = NO;
				SWIFT_VERSION = 5.0;
				TARGETED_DEVICE_FAMILY = "1,2";
				TEST_HOST = "$(BUILT_PRODUCTS_DIR)/LoginAndSignin.app/$(BUNDLE_EXECUTABLE_FOLDER_PATH)/LoginAndSignin";
			};
			name = Release;
		};
		7FC826AC2B559A3800D20E69 /* Debug */ = {
			isa = XCBuildConfiguration;
			buildSettings = {
				ALWAYS_EMBED_SWIFT_STANDARD_LIBRARIES = YES;
				CODE_SIGN_STYLE = Automatic;
				CURRENT_PROJECT_VERSION = 1;
				GENERATE_INFOPLIST_FILE = YES;
				MARKETING_VERSION = 1.0;
				PRODUCT_BUNDLE_IDENTIFIER = srmist.edu.in.LoginAndSigninUITests;
				PRODUCT_NAME = "$(TARGET_NAME)";
				SWIFT_EMIT_LOC_STRINGS = NO;
				SWIFT_VERSION = 5.0;
				TARGETED_DEVICE_FAMILY = "1,2";
				TEST_TARGET_NAME = LoginAndSignin;
			};
			name = Debug;
		};
		7FC826AD2B559A3800D20E69 /* Release */ = {
			isa = XCBuildConfiguration;
			buildSettings = {
				ALWAYS_EMBED_SWIFT_STANDARD_LIBRARIES = YES;
				CODE_SIGN_STYLE = Automatic;
				CURRENT_PROJECT_VERSION = 1;
				GENERATE_INFOPLIST_FILE = YES;
				MARKETING_VERSION = 1.0;
				PRODUCT_BUNDLE_IDENTIFIER = srmist.edu.in.LoginAndSigninUITests;
				PRODUCT_NAME = "$(TARGET_NAME)";
				SWIFT_EMIT_LOC_STRINGS = NO;
				SWIFT_VERSION = 5.0;
				TARGETED_DEVICE_FAMILY = "1,2";
				TEST_TARGET_NAME = LoginAndSignin;
			};
			name = Release;
		};
/* End XCBuildConfiguration section */

/* Begin XCConfigurationList section */
		7FC8267C2B559A3600D20E69 /* Build configuration list for PBXProject "LoginAndSignin" */ = {
			isa = XCConfigurationList;
			buildConfigurations = (
				7FC826A32B559A3800D20E69 /* Debug */,
				7FC826A42B559A3800D20E69 /* Release */,
			);
			defaultConfigurationIsVisible = 0;
			defaultConfigurationName = Release;
		};
		7FC826A52B559A3800D20E69 /* Build configuration list for PBXNativeTarget "LoginAndSignin" */ = {
			isa = XCConfigurationList;
			buildConfigurations = (
				7FC826A62B559A3800D20E69 /* Debug */,
				7FC826A72B559A3800D20E69 /* Release */,
			);
			defaultConfigurationIsVisible = 0;
			defaultConfigurationName = Release;
		};
		7FC826A82B559A3800D20E69 /* Build configuration list for PBXNativeTarget "LoginAndSigninTests" */ = {
			isa = XCConfigurationList;
			buildConfigurations = (
				7FC826A92B559A3800D20E69 /* Debug */,
				7FC826AA2B559A3800D20E69 /* Release */,
			);
			defaultConfigurationIsVisible = 0;
			defaultConfigurationName = Release;
		};
		7FC826AB2B559A3800D20E69 /* Build configuration list for PBXNativeTarget "LoginAndSigninUITests" */ = {
			isa = XCConfigurationList;
			buildConfigurations = (
				7FC826AC2B559A3800D20E69 /* Debug */,
				7FC826AD2B559A3800D20E69 /* Release */,
			);
			defaultConfigurationIsVisible = 0;
			defaultConfigurationName = Release;
		};
/* End XCConfigurationList section */
	};
	rootObject = 7FC826792B559A3600D20E69 /* Project object */;
}
